
Microsoft Visual Studio Solution File, Format Version 12.00
# Visual Studio Version 17
VisualStudioVersion = 17.3.32819.101
MinimumVisualStudioVersion = 10.0.40219.1
Project("{FAE04EC0-301F-11D3-BF4B-00C04F79EFBC}") = "Cadenas Repetidas", "Cadenas Repetidas.csproj", "{90EE4807-D0DC-40EA-9A8F-1AB2471A6CB3}"
EndProject
Global
	GlobalSection(SolutionConfigurationPlatforms) = preSolution
		Debug|Any CPU = Debug|Any CPU
		Release|Any CPU = Release|Any CPU
	EndGlobalSection
	GlobalSection(ProjectConfigurationPlatforms) = postSolution
		{90EE4807-D0DC-40EA-9A8F-1AB2471A6CB3}.Debug|Any CPU.ActiveCfg = Debug|Any CPU
		{90EE4807-D0DC-40EA-9A8F-1AB2471A6CB3}.Debug|Any CPU.Build.0 = Debug|Any CPU
		{90EE4807-D0DC-40EA-9A8F-1AB2471A6CB3}.Release|Any CPU.ActiveCfg = Release|Any CPU
		{90EE4807-D0DC-40EA-9A8F-1AB2471A6CB3}.Release|Any CPU.Build.0 = Release|Any CPU
	EndGlobalSection
	GlobalSection(SolutionProperties) = preSolution
		HideSolutionNode = FALSE
	EndGlobalSection
	GlobalSection(ExtensibilityGlobals) = postSolution
		SolutionGuid = {F2DCDC57-3115-4CCE-AC27-52AF9A402ADD}
	EndGlobalSection
EndGlobal
